
Microsoft Visual Studio Solution File, Format Version 12.00
# Visual Studio Version 16
VisualStudioVersion = 16.0.31613.86
MinimumVisualStudioVersion = 10.0.40219.1
Project("{FAE04EC0-301F-11D3-BF4B-00C04F79EFBC}") = "Testzagit", "Testzagit\Testzagit.csproj", "{EA57024A-FADE-4B04-88E6-1EEF101B7D44}"
EndProject
Global
	GlobalSection(SolutionConfigurationPlatforms) = preSolution
		Debug|Any CPU = Debug|Any CPU
		Release|Any CPU = Release|Any CPU
	EndGlobalSection
	GlobalSection(ProjectConfigurationPlatforms) = postSolution
		{EA57024A-FADE-4B04-88E6-1EEF101B7D44}.Debug|Any CPU.ActiveCfg = Debug|Any CPU
		{EA57024A-FADE-4B04-88E6-1EEF101B7D44}.Debug|Any CPU.Build.0 = Debug|Any CPU
		{EA57024A-FADE-4B04-88E6-1EEF101B7D44}.Release|Any CPU.ActiveCfg = Release|Any CPU
		{EA57024A-FADE-4B04-88E6-1EEF101B7D44}.Release|Any CPU.Build.0 = Release|Any CPU
	EndGlobalSection
	GlobalSection(SolutionProperties) = preSolution
		HideSolutionNode = FALSE
	EndGlobalSection
	GlobalSection(ExtensibilityGlobals) = postSolution
		SolutionGuid = {72879775-85E5-4C08-8A62-1C8F017F6B71}
	EndGlobalSection
EndGlobal
